BatchAccount,ConfigIndex,IsListed,Price,LifecycleStart,Mints,Resync
eiwAMxibWH46Kkr3rVXG1ji6i9F3xWojrnXWcgf8tBT,0,true,1,0,0,true
eiwAMxibWH46Kkr3rVXG1ji6i9F3xWojrnXWcgf8tBT,1,true,2,0,0,true
eiwAMxibWH46Kkr3rVXG1ji6i9F3xWojrnXWcgf8tBT,2,true,3,0,0,true
eiwAMxibWH46Kkr3rVXG1ji6i9F3xWojrnXWcgf8tBT,3,true,4,0,0,true
eiwAMxibWH46Kkr3rVXG1ji6i9F3xWojrnXWcgf8tBT,4,true,5,0,0,true
eiwAMxibWH46Kkr3rVXG1ji6i9F3xWojrnXWcgf8tBT,5,true,6,0,0,true
